// !$*UTF8*$!
{
	archiveVersion = 1;
	classes = {
	};
	objectVersion = 46;
	objects = {

/* Begin PBXBuildFile section */
		5E2A015B1DAC49D7009E7160 /* BalanceModel.swift in Sources */ = {isa = PBXBuildFile; fileRef = 5E2A015A1DAC49D7009E7160 /* BalanceModel.swift */; };
		5E2A015D1DAC4A3D009E7160 /* HistoryModel.swift in Sources */ = {isa = PBXBuildFile; fileRef = 5E2A015C1DAC4A3D009E7160 /* HistoryModel.swift */; };
		5E2A015F1DAC4A4D009E7160 /* TransactionModel.swift in Sources */ = {isa = PBXBuildFile; fileRef = 5E2A015E1DAC4A4D009E7160 /* TransactionModel.swift */; };
		5E2A01611DAC4C65009E7160 /* SplitModel.swift in Sources */ = {isa = PBXBuildFile; fileRef = 5E2A01601DAC4C65009E7160 /* SplitModel.swift */; };
		5E2A01631DAC4CC7009E7160 /* ExpenseType.swift in Sources */ = {isa = PBXBuildFile; fileRef = 5E2A01621DAC4CC7009E7160 /* ExpenseType.swift */; };
		5E2A01651DAC4FA1009E7160 /* UserType.swift in Sources */ = {isa = PBXBuildFile; fileRef = 5E2A01641DAC4FA1009E7160 /* UserType.swift */; };
		5E2A01671DAC56C7009E7160 /* BalanceModelTests.swift in Sources */ = {isa = PBXBuildFile; fileRef = 5E2A01661DAC56C7009E7160 /* BalanceModelTests.swift */; };
		5E2A01691DAC5B02009E7160 /* SplitModelTests.swift in Sources */ = {isa = PBXBuildFile; fileRef = 5E2A01681DAC5B02009E7160 /* SplitModelTests.swift */; };
		5E2A016B1DAC7404009E7160 /* UserTypeTests.swift in Sources */ = {isa = PBXBuildFile; fileRef = 5E2A016A1DAC7404009E7160 /* UserTypeTests.swift */; };
		5E2A016D1DAC82E9009E7160 /* BalanceModel+Store.swift in Sources */ = {isa = PBXBuildFile; fileRef = 5E2A016C1DAC82E9009E7160 /* BalanceModel+Store.swift */; };
		5E2A016F1DAC8A01009E7160 /* StoreKey.swift in Sources */ = {isa = PBXBuildFile; fileRef = 5E2A016E1DAC8A01009E7160 /* StoreKey.swift */; };
		5E606AD21DA9BAF300D98F2E /* AppDelegate.swift in Sources */ = {isa = PBXBuildFile; fileRef = 5E606AD11DA9BAF300D98F2E /* AppDelegate.swift */; };
		5E606AD41DA9BAF300D98F2E /* HomeViewController.swift in Sources */ = {isa = PBXBuildFile; fileRef = 5E606AD31DA9BAF300D98F2E /* HomeViewController.swift */; };
		5E606AD71DA9BAF300D98F2E /* Main.storyboard in Resources */ = {isa = PBXBuildFile; fileRef = 5E606AD51DA9BAF300D98F2E /* Main.storyboard */; };
		5E606AD91DA9BAF400D98F2E /* Assets.xcassets in Resources */ = {isa = PBXBuildFile; fileRef = 5E606AD81DA9BAF400D98F2E /* Assets.xcassets */; };
		5E606ADC1DA9BAF400D98F2E /* LaunchScreen.storyboard in Resources */ = {isa = PBXBuildFile; fileRef = 5E606ADA1DA9BAF400D98F2E /* LaunchScreen.storyboard */; };
		5E606AE71DA9BAF400D98F2E /* DuoTabTests.swift in Sources */ = {isa = PBXBuildFile; fileRef = 5E606AE61DA9BAF400D98F2E /* DuoTabTests.swift */; };
		5E606AF21DA9BAF400D98F2E /* DuoTabUITests.swift in Sources */ = {isa = PBXBuildFile; fileRef = 5E606AF11DA9BAF400D98F2E /* DuoTabUITests.swift */; };
		5E606B0A1DAC238600D98F2E /* HomeViewModel.swift in Sources */ = {isa = PBXBuildFile; fileRef = 5E606B091DAC238600D98F2E /* HomeViewModel.swift */; };
		5EA6B2FA1DAF0BDD00123B84 /* String+hexColor.swift in Sources */ = {isa = PBXBuildFile; fileRef = 5EA6B2F91DAF0BDD00123B84 /* String+hexColor.swift */; };
/* End PBXBuildFile section */

/* Begin PBXContainerItemProxy section */
		5E606AE31DA9BAF400D98F2E /* PBXContainerItemProxy */ = {
			isa = PBXContainerItemProxy;
			containerPortal = 5E606AC61DA9BAF300D98F2E /* Project object */;
			proxyType = 1;
			remoteGlobalIDString = 5E606ACD1DA9BAF300D98F2E;
			remoteInfo = DuoTab;
		};
		5E606AEE1DA9BAF400D98F2E /* PBXContainerItemProxy */ = {
			isa = PBXContainerItemProxy;
			containerPortal = 5E606AC61DA9BAF300D98F2E /* Project object */;
			proxyType = 1;
			remoteGlobalIDString = 5E606ACD1DA9BAF300D98F2E;
			remoteInfo = DuoTab;
		};
/* End PBXContainerItemProxy section */

/* Begin PBXFileReference section */
		5E2A015A1DAC49D7009E7160 /* BalanceModel.swift */ = {isa = PBXFileReference; fileEncoding = 4; lastKnownFileType = sourcecode.swift; path = BalanceModel.swift; sourceTree = "<group>"; };
		5E2A015C1DAC4A3D009E7160 /* HistoryModel.swift */ = {isa = PBXFileReference; fileEncoding = 4; lastKnownFileType = sourcecode.swift; path = HistoryModel.swift; sourceTree = "<group>"; };
		5E2A015E1DAC4A4D009E7160 /* TransactionModel.swift */ = {isa = PBXFileReference; fileEncoding = 4; lastKnownFileType = sourcecode.swift; path = TransactionModel.swift; sourceTree = "<group>"; };
		5E2A01601DAC4C65009E7160 /* SplitModel.swift */ = {isa = PBXFileReference; fileEncoding = 4; lastKnownFileType = sourcecode.swift; path = SplitModel.swift; sourceTree = "<group>"; };
		5E2A01621DAC4CC7009E7160 /* ExpenseType.swift */ = {isa = PBXFileReference; fileEncoding = 4; lastKnownFileType = sourcecode.swift; path = ExpenseType.swift; sourceTree = "<group>"; };
		5E2A01641DAC4FA1009E7160 /* UserType.swift */ = {isa = PBXFileReference; fileEncoding = 4; lastKnownFileType = sourcecode.swift; path = UserType.swift; sourceTree = "<group>"; };
		5E2A01661DAC56C7009E7160 /* BalanceModelTests.swift */ = {isa = PBXFileReference; fileEncoding = 4; lastKnownFileType = sourcecode.swift; path = BalanceModelTests.swift; sourceTree = "<group>"; };
		5E2A01681DAC5B02009E7160 /* SplitModelTests.swift */ = {isa = PBXFileReference; fileEncoding = 4; lastKnownFileType = sourcecode.swift; path = SplitModelTests.swift; sourceTree = "<group>"; };
		5E2A016A1DAC7404009E7160 /* UserTypeTests.swift */ = {isa = PBXFileReference; fileEncoding = 4; lastKnownFileType = sourcecode.swift; path = UserTypeTests.swift; sourceTree = "<group>"; };
		5E2A016C1DAC82E9009E7160 /* BalanceModel+Store.swift */ = {isa = PBXFileReference; fileEncoding = 4; lastKnownFileType = sourcecode.swift; path = "BalanceModel+Store.swift"; sourceTree = "<group>"; };
		5E2A016E1DAC8A01009E7160 /* StoreKey.swift */ = {isa = PBXFileReference; fileEncoding = 4; lastKnownFileType = sourcecode.swift; path = StoreKey.swift; sourceTree = "<group>"; };
		5E606ACE1DA9BAF300D98F2E /* DuoTab.app */ = {isa = PBXFileReference; explicitFileType = wrapper.application; includeInIndex = 0; path = DuoTab.app; sourceTree = BUILT_PRODUCTS_DIR; };
		5E606AD11DA9BAF300D98F2E /* AppDelegate.swift */ = {isa = PBXFileReference; lastKnownFileType = sourcecode.swift; path = AppDelegate.swift; sourceTree = "<group>"; };
		5E606AD31DA9BAF300D98F2E /* HomeViewController.swift */ = {isa = PBXFileReference; lastKnownFileType = sourcecode.swift; path = HomeViewController.swift; sourceTree = "<group>"; };
		5E606AD61DA9BAF300D98F2E /* Base */ = {isa = PBXFileReference; lastKnownFileType = file.storyboard; name = Base; path = Base.lproj/Main.storyboard; sourceTree = "<group>"; };
		5E606AD81DA9BAF400D98F2E /* Assets.xcassets */ = {isa = PBXFileReference; lastKnownFileType = folder.assetcatalog; path = Assets.xcassets; sourceTree = "<group>"; };
		5E606ADB1DA9BAF400D98F2E /* Base */ = {isa = PBXFileReference; lastKnownFileType = file.storyboard; name = Base; path = Base.lproj/LaunchScreen.storyboard; sourceTree = "<group>"; };
		5E606ADD1DA9BAF400D98F2E /* Info.plist */ = {isa = PBXFileReference; lastKnownFileType = text.plist.xml; path = Info.plist; sourceTree = "<group>"; };
		5E606AE21DA9BAF400D98F2E /* DuoTabTests.xctest */ = {isa = PBXFileReference; explicitFileType = wrapper.cfbundle; includeInIndex = 0; path = DuoTabTests.xctest; sourceTree = BUILT_PRODUCTS_DIR; };
		5E606AE61DA9BAF400D98F2E /* DuoTabTests.swift */ = {isa = PBXFileReference; lastKnownFileType = sourcecode.swift; path = DuoTabTests.swift; sourceTree = "<group>"; };
		5E606AE81DA9BAF400D98F2E /* Info.plist */ = {isa = PBXFileReference; lastKnownFileType = text.plist.xml; path = Info.plist; sourceTree = "<group>"; };
		5E606AED1DA9BAF400D98F2E /* DuoTabUITests.xctest */ = {isa = PBXFileReference; explicitFileType = wrapper.cfbundle; includeInIndex = 0; path = DuoTabUITests.xctest; sourceTree = BUILT_PRODUCTS_DIR; };
		5E606AF11DA9BAF400D98F2E /* DuoTabUITests.swift */ = {isa = PBXFileReference; lastKnownFileType = sourcecode.swift; path = DuoTabUITests.swift; sourceTree = "<group>"; };
		5E606AF31DA9BAF400D98F2E /* Info.plist */ = {isa = PBXFileReference; lastKnownFileType = text.plist.xml; path = Info.plist; sourceTree = "<group>"; };
		5E606B091DAC238600D98F2E /* HomeViewModel.swift */ = {isa = PBXFileReference; fileEncoding = 4; lastKnownFileType = sourcecode.swift; path = HomeViewModel.swift; sourceTree = "<group>"; };
		5EA6B2F91DAF0BDD00123B84 /* String+hexColor.swift */ = {isa = PBXFileReference; fileEncoding = 4; lastKnownFileType = sourcecode.swift; path = "String+hexColor.swift"; sourceTree = "<group>"; };
/* End PBXFileReference section */

/* Begin PBXFrameworksBuildPhase section */
		5E606ACB1DA9BAF300D98F2E /* Frameworks */ = {
			isa = PBXFrameworksBuildPhase;
			buildActionMask = 2147483647;
			files = (
			);
			runOnlyForDeploymentPostprocessing = 0;
		};
		5E606ADF1DA9BAF400D98F2E /* Frameworks */ = {
			isa = PBXFrameworksBuildPhase;
			buildActionMask = 2147483647;
			files = (
			);
			runOnlyForDeploymentPostprocessing = 0;
		};
		5E606AEA1DA9BAF400D98F2E /* Frameworks */ = {
			isa = PBXFrameworksBuildPhase;
			buildActionMask = 2147483647;
			files = (
			);
			runOnlyForDeploymentPostprocessing = 0;
		};
/* End PBXFrameworksBuildPhase section */

/* Begin PBXGroup section */
		5E606AC51DA9BAF300D98F2E = {
			isa = PBXGroup;
			children = (
				5E606AD01DA9BAF300D98F2E /* DuoTab */,
				5E606AE51DA9BAF400D98F2E /* DuoTabTests */,
				5E606AF01DA9BAF400D98F2E /* DuoTabUITests */,
				5E606ACF1DA9BAF300D98F2E /* Products */,
			);
			sourceTree = "<group>";
		};
		5E606ACF1DA9BAF300D98F2E /* Products */ = {
			isa = PBXGroup;
			children = (
				5E606ACE1DA9BAF300D98F2E /* DuoTab.app */,
				5E606AE21DA9BAF400D98F2E /* DuoTabTests.xctest */,
				5E606AED1DA9BAF400D98F2E /* DuoTabUITests.xctest */,
			);
			name = Products;
			sourceTree = "<group>";
		};
		5E606AD01DA9BAF300D98F2E /* DuoTab */ = {
			isa = PBXGroup;
			children = (
				5E606AD11DA9BAF300D98F2E /* AppDelegate.swift */,
				5E606AD81DA9BAF400D98F2E /* Assets.xcassets */,
				5E606B041DAC228100D98F2E /* Helpers */,
				5E606ADD1DA9BAF400D98F2E /* Info.plist */,
				5E606ADA1DA9BAF400D98F2E /* LaunchScreen.storyboard */,
				5E606AD51DA9BAF300D98F2E /* Main.storyboard */,
				5E606B051DAC228100D98F2E /* Models */,
				5E606B061DAC228100D98F2E /* Stores */,
				5E606B071DAC228100D98F2E /* ViewModels */,
				5E606B081DAC228100D98F2E /* Views */,
			);
			path = DuoTab;
			sourceTree = "<group>";
		};
		5E606AE51DA9BAF400D98F2E /* DuoTabTests */ = {
			isa = PBXGroup;
			children = (
				5E2A01661DAC56C7009E7160 /* BalanceModelTests.swift */,
				5E606AE61DA9BAF400D98F2E /* DuoTabTests.swift */,
				5E606AE81DA9BAF400D98F2E /* Info.plist */,
				5E2A01681DAC5B02009E7160 /* SplitModelTests.swift */,
				5E2A016A1DAC7404009E7160 /* UserTypeTests.swift */,
			);
			path = DuoTabTests;
			sourceTree = "<group>";
		};
		5E606AF01DA9BAF400D98F2E /* DuoTabUITests */ = {
			isa = PBXGroup;
			children = (
				5E606AF11DA9BAF400D98F2E /* DuoTabUITests.swift */,
				5E606AF31DA9BAF400D98F2E /* Info.plist */,
			);
			path = DuoTabUITests;
			sourceTree = "<group>";
		};
		5E606B041DAC228100D98F2E /* Helpers */ = {
			isa = PBXGroup;
			children = (
				5EA6B2F91DAF0BDD00123B84 /* String+hexColor.swift */,
			);
			path = Helpers;
			sourceTree = "<group>";
		};
		5E606B051DAC228100D98F2E /* Models */ = {
			isa = PBXGroup;
			children = (
				5E2A015A1DAC49D7009E7160 /* BalanceModel.swift */,
				5E2A01621DAC4CC7009E7160 /* ExpenseType.swift */,
				5E2A015C1DAC4A3D009E7160 /* HistoryModel.swift */,
				5E2A01601DAC4C65009E7160 /* SplitModel.swift */,
				5E2A015E1DAC4A4D009E7160 /* TransactionModel.swift */,
				5E2A01641DAC4FA1009E7160 /* UserType.swift */,
				5E2A016E1DAC8A01009E7160 /* StoreKey.swift */,
			);
			path = Models;
			sourceTree = "<group>";
		};
		5E606B061DAC228100D98F2E /* Stores */ = {
			isa = PBXGroup;
			children = (
				5E2A016C1DAC82E9009E7160 /* BalanceModel+Store.swift */,
			);
			path = Stores;
			sourceTree = "<group>";
		};
		5E606B071DAC228100D98F2E /* ViewModels */ = {
			isa = PBXGroup;
			children = (
				5E606B091DAC238600D98F2E /* HomeViewModel.swift */,
			);
			path = ViewModels;
			sourceTree = "<group>";
		};
		5E606B081DAC228100D98F2E /* Views */ = {
			isa = PBXGroup;
			children = (
				5E606AD31DA9BAF300D98F2E /* HomeViewController.swift */,
			);
			path = Views;
			sourceTree = "<group>";
		};
/* End PBXGroup section */

/* Begin PBXNativeTarget section */
		5E606ACD1DA9BAF300D98F2E /* DuoTab */ = {
			isa = PBXNativeTarget;
			buildConfigurationList = 5E606AF61DA9BAF400D98F2E /* Build configuration list for PBXNativeTarget "DuoTab" */;
			buildPhases = (
				5E606ACA1DA9BAF300D98F2E /* Sources */,
				5E606ACB1DA9BAF300D98F2E /* Frameworks */,
				5E606ACC1DA9BAF300D98F2E /* Resources */,
			);
			buildRules = (
			);
			dependencies = (
			);
			name = DuoTab;
			productName = DuoTab;
			productReference = 5E606ACE1DA9BAF300D98F2E /* DuoTab.app */;
			productType = "com.apple.product-type.application";
		};
		5E606AE11DA9BAF400D98F2E /* DuoTabTests */ = {
			isa = PBXNativeTarget;
			buildConfigurationList = 5E606AF91DA9BAF400D98F2E /* Build configuration list for PBXNativeTarget "DuoTabTests" */;
			buildPhases = (
				5E606ADE1DA9BAF400D98F2E /* Sources */,
				5E606ADF1DA9BAF400D98F2E /* Frameworks */,
				5E606AE01DA9BAF400D98F2E /* Resources */,
			);
			buildRules = (
			);
			dependencies = (
				5E606AE41DA9BAF400D98F2E /* PBXTargetDependency */,
			);
			name = DuoTabTests;
			productName = DuoTabTests;
			productReference = 5E606AE21DA9BAF400D98F2E /* DuoTabTests.xctest */;
			productType = "com.apple.product-type.bundle.unit-test";
		};
		5E606AEC1DA9BAF400D98F2E /* DuoTabUITests */ = {
			isa = PBXNativeTarget;
			buildConfigurationList = 5E606AFC1DA9BAF400D98F2E /* Build configuration list for PBXNativeTarget "DuoTabUITests" */;
			buildPhases = (
				5E606AE91DA9BAF400D98F2E /* Sources */,
				5E606AEA1DA9BAF400D98F2E /* Frameworks */,
				5E606AEB1DA9BAF400D98F2E /* Resources */,
			);
			buildRules = (
			);
			dependencies = (
				5E606AEF1DA9BAF400D98F2E /* PBXTargetDependency */,
			);
			name = DuoTabUITests;
			productName = DuoTabUITests;
			productReference = 5E606AED1DA9BAF400D98F2E /* DuoTabUITests.xctest */;
			productType = "com.apple.product-type.bundle.ui-testing";
		};
/* End PBXNativeTarget section */

/* Begin PBXProject section */
		5E606AC61DA9BAF300D98F2E /* Project object */ = {
			isa = PBXProject;
			attributes = {
				LastSwiftUpdateCheck = 0800;
				LastUpgradeCheck = 0800;
				ORGANIZATIONNAME = DuoTab;
				TargetAttributes = {
					5E606ACD1DA9BAF300D98F2E = {
						CreatedOnToolsVersion = 8.0;
						ProvisioningStyle = Automatic;
					};
					5E606AE11DA9BAF400D98F2E = {
						CreatedOnToolsVersion = 8.0;
						ProvisioningStyle = Automatic;
						TestTargetID = 5E606ACD1DA9BAF300D98F2E;
					};
					5E606AEC1DA9BAF400D98F2E = {
						CreatedOnToolsVersion = 8.0;
						ProvisioningStyle = Automatic;
						TestTargetID = 5E606ACD1DA9BAF300D98F2E;
					};
				};
			};
			buildConfigurationList = 5E606AC91DA9BAF300D98F2E /* Build configuration list for PBXProject "DuoTab" */;
			compatibilityVersion = "Xcode 3.2";
			developmentRegion = English;
			hasScannedForEncodings = 0;
			knownRegions = (
				en,
				Base,
			);
			mainGroup = 5E606AC51DA9BAF300D98F2E;
			productRefGroup = 5E606ACF1DA9BAF300D98F2E /* Products */;
			projectDirPath = "";
			projectRoot = "";
			targets = (
				5E606ACD1DA9BAF300D98F2E /* DuoTab */,
				5E606AE11DA9BAF400D98F2E /* DuoTabTests */,
				5E606AEC1DA9BAF400D98F2E /* DuoTabUITests */,
			);
		};
/* End PBXProject section */

/* Begin PBXResourcesBuildPhase section */
		5E606ACC1DA9BAF300D98F2E /* Resources */ = {
			isa = PBXResourcesBuildPhase;
			buildActionMask = 2147483647;
			files = (
				5E606ADC1DA9BAF400D98F2E /* LaunchScreen.storyboard in Resources */,
				5E606AD91DA9BAF400D98F2E /* Assets.xcassets in Resources */,
				5E606AD71DA9BAF300D98F2E /* Main.storyboard in Resources */,
			);
			runOnlyForDeploymentPostprocessing = 0;
		};
		5E606AE01DA9BAF400D98F2E /* Resources */ = {
			isa = PBXResourcesBuildPhase;
			buildActionMask = 2147483647;
			files = (
			);
			runOnlyForDeploymentPostprocessing = 0;
		};
		5E606AEB1DA9BAF400D98F2E /* Resources */ = {
			isa = PBXResourcesBuildPhase;
			buildActionMask = 2147483647;
			files = (
			);
			runOnlyForDeploymentPostprocessing = 0;
		};
/* End PBXResourcesBuildPhase section */

/* Begin PBXSourcesBuildPhase section */
		5E606ACA1DA9BAF300D98F2E /* Sources */ = {
			isa = PBXSourcesBuildPhase;
			buildActionMask = 2147483647;
			files = (
				5E2A015F1DAC4A4D009E7160 /* TransactionModel.swift in Sources */,
				5E2A016F1DAC8A01009E7160 /* StoreKey.swift in Sources */,
				5E606AD41DA9BAF300D98F2E /* HomeViewController.swift in Sources */,
				5E2A015D1DAC4A3D009E7160 /* HistoryModel.swift in Sources */,
				5E2A01611DAC4C65009E7160 /* SplitModel.swift in Sources */,
				5E606B0A1DAC238600D98F2E /* HomeViewModel.swift in Sources */,
				5EA6B2FA1DAF0BDD00123B84 /* String+hexColor.swift in Sources */,
				5E2A016D1DAC82E9009E7160 /* BalanceModel+Store.swift in Sources */,
				5E2A015B1DAC49D7009E7160 /* BalanceModel.swift in Sources */,
				5E2A01631DAC4CC7009E7160 /* ExpenseType.swift in Sources */,
				5E2A01651DAC4FA1009E7160 /* UserType.swift in Sources */,
				5E606AD21DA9BAF300D98F2E /* AppDelegate.swift in Sources */,
			);
			runOnlyForDeploymentPostprocessing = 0;
		};
		5E606ADE1DA9BAF400D98F2E /* Sources */ = {
			isa = PBXSourcesBuildPhase;
			buildActionMask = 2147483647;
			files = (
				5E2A01671DAC56C7009E7160 /* BalanceModelTests.swift in Sources */,
				5E2A01691DAC5B02009E7160 /* SplitModelTests.swift in Sources */,
				5E2A016B1DAC7404009E7160 /* UserTypeTests.swift in Sources */,
				5E606AE71DA9BAF400D98F2E /* DuoTabTests.swift in Sources */,
			);
			runOnlyForDeploymentPostprocessing = 0;
		};
		5E606AE91DA9BAF400D98F2E /* Sources */ = {
			isa = PBXSourcesBuildPhase;
			buildActionMask = 2147483647;
			files = (
				5E606AF21DA9BAF400D98F2E /* DuoTabUITests.swift in Sources */,
			);
			runOnlyForDeploymentPostprocessing = 0;
		};
/* End PBXSourcesBuildPhase section */

/* Begin PBXTargetDependency section */
		5E606AE41DA9BAF400D98F2E /* PBXTargetDependency */ = {
			isa = PBXTargetDependency;
			target = 5E606ACD1DA9BAF300D98F2E /* DuoTab */;
			targetProxy = 5E606AE31DA9BAF400D98F2E /* PBXContainerItemProxy */;
		};
		5E606AEF1DA9BAF400D98F2E /* PBXTargetDependency */ = {
			isa = PBXTargetDependency;
			target = 5E606ACD1DA9BAF300D98F2E /* DuoTab */;
			targetProxy = 5E606AEE1DA9BAF400D98F2E /* PBXContainerItemProxy */;
		};
/* End PBXTargetDependency section */

/* Begin PBXVariantGroup section */
		5E606AD51DA9BAF300D98F2E /* Main.storyboard */ = {
			isa = PBXVariantGroup;
			children = (
				5E606AD61DA9BAF300D98F2E /* Base */,
			);
			name = Main.storyboard;
			sourceTree = "<group>";
		};
		5E606ADA1DA9BAF400D98F2E /* LaunchScreen.storyboard */ = {
			isa = PBXVariantGroup;
			children = (
				5E606ADB1DA9BAF400D98F2E /* Base */,
			);
			name = LaunchScreen.storyboard;
			sourceTree = "<group>";
		};
/* End PBXVariantGroup section */

/* Begin XCBuildConfiguration section */
		5E606AF41DA9BAF400D98F2E /* Debug */ = {
			isa = XCBuildConfiguration;
			buildSettings = {
				ALWAYS_SEARCH_USER_PATHS = NO;
				CLANG_ANALYZER_NONNULL = YES;
				CLANG_CXX_LANGUAGE_STANDARD = "gnu++0x";
				CLANG_CXX_LIBRARY = "libc++";
				CLANG_ENABLE_MODULES = YES;
				CLANG_ENABLE_OBJC_ARC = YES;
				CLANG_WARN_BOOL_CONVERSION = YES;
				CLANG_WARN_CONSTANT_CONVERSION = YES;
				CLANG_WARN_DIRECT_OBJC_ISA_USAGE = YES_ERROR;
				CLANG_WARN_DOCUMENTATION_COMMENTS = YES;
				CLANG_WARN_EMPTY_BODY = YES;
				CLANG_WARN_ENUM_CONVERSION = YES;
				CLANG_WARN_INFINITE_RECURSION = YES;
				CLANG_WARN_INT_CONVERSION = YES;
				CLANG_WARN_OBJC_ROOT_CLASS = YES_ERROR;
				CLANG_WARN_SUSPICIOUS_MOVES = YES;
				CLANG_WARN_UNREACHABLE_CODE = YES;
				CLANG_WARN__DUPLICATE_METHOD_MATCH = YES;
				"CODE_SIGN_IDENTITY[sdk=iphoneos*]" = "iPhone Developer";
				COPY_PHASE_STRIP = NO;
				DEBUG_INFORMATION_FORMAT = dwarf;
				ENABLE_STRICT_OBJC_MSGSEND = YES;
				ENABLE_TESTABILITY = YES;
				GCC_C_LANGUAGE_STANDARD = gnu99;
				GCC_DYNAMIC_NO_PIC = NO;
				GCC_NO_COMMON_BLOCKS = YES;
				GCC_OPTIMIZATION_LEVEL = 0;
				GCC_PREPROCESSOR_DEFINITIONS = (
					"DEBUG=1",
					"$(inherited)",
				);
				GCC_WARN_64_TO_32_BIT_CONVERSION = YES;
				GCC_WARN_ABOUT_RETURN_TYPE = YES_ERROR;
				GCC_WARN_UNDECLARED_SELECTOR = YES;
				GCC_WARN_UNINITIALIZED_AUTOS = YES_AGGRESSIVE;
				GCC_WARN_UNUSED_FUNCTION = YES;
				GCC_WARN_UNUSED_VARIABLE = YES;
				IPHONEOS_DEPLOYMENT_TARGET = 10.0;
				MTL_ENABLE_DEBUG_INFO = YES;
				ONLY_ACTIVE_ARCH = YES;
				SDKROOT = iphoneos;
				SWIFT_ACTIVE_COMPILATION_CONDITIONS = DEBUG;
				SWIFT_OPTIMIZATION_LEVEL = "-Onone";
				TARGETED_DEVICE_FAMILY = "1,2";
			};
			name = Debug;
		};
		5E606AF51DA9BAF400D98F2E /* Release */ = {
			isa = XCBuildConfiguration;
			buildSettings = {
				ALWAYS_SEARCH_USER_PATHS = NO;
				CLANG_ANALYZER_NONNULL = YES;
				CLANG_CXX_LANGUAGE_STANDARD = "gnu++0x";
				CLANG_CXX_LIBRARY = "libc++";
				CLANG_ENABLE_MODULES = YES;
				CLANG_ENABLE_OBJC_ARC = YES;
				CLANG_WARN_BOOL_CONVERSION = YES;
				CLANG_WARN_CONSTANT_CONVERSION = YES;
				CLANG_WARN_DIRECT_OBJC_ISA_USAGE = YES_ERROR;
				CLANG_WARN_DOCUMENTATION_COMMENTS = YES;
				CLANG_WARN_EMPTY_BODY = YES;
				CLANG_WARN_ENUM_CONVERSION = YES;
				CLANG_WARN_INFINITE_RECURSION = YES;
				CLANG_WARN_INT_CONVERSION = YES;
				CLANG_WARN_OBJC_ROOT_CLASS = YES_ERROR;
				CLANG_WARN_SUSPICIOUS_MOVES = YES;
				CLANG_WARN_UNREACHABLE_CODE = YES;
				CLANG_WARN__DUPLICATE_METHOD_MATCH = YES;
				"CODE_SIGN_IDENTITY[sdk=iphoneos*]" = "iPhone Developer";
				COPY_PHASE_STRIP = NO;
				DEBUG_INFORMATION_FORMAT = "dwarf-with-dsym";
				ENABLE_NS_ASSERTIONS = NO;
				ENABLE_STRICT_OBJC_MSGSEND = YES;
				GCC_C_LANGUAGE_STANDARD = gnu99;
				GCC_NO_COMMON_BLOCKS = YES;
				GCC_WARN_64_TO_32_BIT_CONVERSION = YES;
				GCC_WARN_ABOUT_RETURN_TYPE = YES_ERROR;
				GCC_WARN_UNDECLARED_SELECTOR = YES;
				GCC_WARN_UNINITIALIZED_AUTOS = YES_AGGRESSIVE;
				GCC_WARN_UNUSED_FUNCTION = YES;
				GCC_WARN_UNUSED_VARIABLE = YES;
				IPHONEOS_DEPLOYMENT_TARGET = 10.0;
				MTL_ENABLE_DEBUG_INFO = NO;
				SDKROOT = iphoneos;
				SWIFT_OPTIMIZATION_LEVEL = "-Owholemodule";
				TARGETED_DEVICE_FAMILY = "1,2";
				VALIDATE_PRODUCT = YES;
			};
			name = Release;
		};
		5E606AF71DA9BAF400D98F2E /* Debug */ = {
			isa = XCBuildConfiguration;
			buildSettings = {
				ASSETCATALOG_COMPILER_APPICON_NAME = AppIcon;
				INFOPLIST_FILE = DuoTab/Info.plist;
				IPHONEOS_DEPLOYMENT_TARGET = 10.0;
				LD_RUNPATH_SEARCH_PATHS = "$(inherited) @executable_path/Frameworks";
				PRODUCT_BUNDLE_IDENTIFIER = DuoTabCo.DuoTab;
				PRODUCT_NAME = "$(TARGET_NAME)";
				SWIFT_VERSION = 3.0;
				TARGETED_DEVICE_FAMILY = 1;
			};
			name = Debug;
		};
		5E606AF81DA9BAF400D98F2E /* Release */ = {
			isa = XCBuildConfiguration;
			buildSettings = {
				ASSETCATALOG_COMPILER_APPICON_NAME = AppIcon;
				INFOPLIST_FILE = DuoTab/Info.plist;
				IPHONEOS_DEPLOYMENT_TARGET = 10.0;
				LD_RUNPATH_SEARCH_PATHS = "$(inherited) @executable_path/Frameworks";
				PRODUCT_BUNDLE_IDENTIFIER = DuoTabCo.DuoTab;
				PRODUCT_NAME = "$(TARGET_NAME)";
				SWIFT_VERSION = 3.0;
				TARGETED_DEVICE_FAMILY = 1;
			};
			name = Release;
		};
		5E606AFA1DA9BAF400D98F2E /* Debug */ = {
			isa = XCBuildConfiguration;
			buildSettings = {
				ALWAYS_EMBED_SWIFT_STANDARD_LIBRARIES = YES;
				BUNDLE_LOADER = "$(TEST_HOST)";
				INFOPLIST_FILE = DuoTabTests/Info.plist;
				LD_RUNPATH_SEARCH_PATHS = "$(inherited) @executable_path/Frameworks @loader_path/Frameworks";
				PRODUCT_BUNDLE_IDENTIFIER = DuoTabCo.DuoTabTests;
				PRODUCT_NAME = "$(TARGET_NAME)";
				SWIFT_VERSION = 3.0;
				TEST_HOST = "$(BUILT_PRODUCTS_DIR)/DuoTab.app/DuoTab";
			};
			name = Debug;
		};
		5E606AFB1DA9BAF400D98F2E /* Release */ = {
			isa = XCBuildConfiguration;
			buildSettings = {
				ALWAYS_EMBED_SWIFT_STANDARD_LIBRARIES = YES;
				BUNDLE_LOADER = "$(TEST_HOST)";
				INFOPLIST_FILE = DuoTabTests/Info.plist;
				LD_RUNPATH_SEARCH_PATHS = "$(inherited) @executable_path/Frameworks @loader_path/Frameworks";
				PRODUCT_BUNDLE_IDENTIFIER = DuoTabCo.DuoTabTests;
				PRODUCT_NAME = "$(TARGET_NAME)";
				SWIFT_VERSION = 3.0;
				TEST_HOST = "$(BUILT_PRODUCTS_DIR)/DuoTab.app/DuoTab";
			};
			name = Release;
		};
		5E606AFD1DA9BAF400D98F2E /* Debug */ = {
			isa = XCBuildConfiguration;
			buildSettings = {
				ALWAYS_EMBED_SWIFT_STANDARD_LIBRARIES = YES;
				INFOPLIST_FILE = DuoTabUITests/Info.plist;
				LD_RUNPATH_SEARCH_PATHS = "$(inherited) @executable_path/Frameworks @loader_path/Frameworks";
				PRODUCT_BUNDLE_IDENTIFIER = DuoTabCo.DuoTabUITests;
				PRODUCT_NAME = "$(TARGET_NAME)";
				SWIFT_VERSION = 3.0;
				TEST_TARGET_NAME = DuoTab;
			};
			name = Debug;
		};
		5E606AFE1DA9BAF400D98F2E /* Release */ = {
			isa = XCBuildConfiguration;
			buildSettings = {
				ALWAYS_EMBED_SWIFT_STANDARD_LIBRARIES = YES;
				INFOPLIST_FILE = DuoTabUITests/Info.plist;
				LD_RUNPATH_SEARCH_PATHS = "$(inherited) @executable_path/Frameworks @loader_path/Frameworks";
				PRODUCT_BUNDLE_IDENTIFIER = DuoTabCo.DuoTabUITests;
				PRODUCT_NAME = "$(TARGET_NAME)";
				SWIFT_VERSION = 3.0;
				TEST_TARGET_NAME = DuoTab;
			};
			name = Release;
		};
/* End XCBuildConfiguration section */

/* Begin XCConfigurationList section */
		5E606AC91DA9BAF300D98F2E /* Build configuration list for PBXProject "DuoTab" */ = {
			isa = XCConfigurationList;
			buildConfigurations = (
				5E606AF41DA9BAF400D98F2E /* Debug */,
				5E606AF51DA9BAF400D98F2E /* Release */,
			);
			defaultConfigurationIsVisible = 0;
			defaultConfigurationName = Release;
		};
		5E606AF61DA9BAF400D98F2E /* Build configuration list for PBXNativeTarget "DuoTab" */ = {
			isa = XCConfigurationList;
			buildConfigurations = (
				5E606AF71DA9BAF400D98F2E /* Debug */,
				5E606AF81DA9BAF400D98F2E /* Release */,
			);
			defaultConfigurationIsVisible = 0;
			defaultConfigurationName = Release;
		};
		5E606AF91DA9BAF400D98F2E /* Build configuration list for PBXNativeTarget "DuoTabTests" */ = {
			isa = XCConfigurationList;
			buildConfigurations = (
				5E606AFA1DA9BAF400D98F2E /* Debug */,
				5E606AFB1DA9BAF400D98F2E /* Release */,
			);
			defaultConfigurationIsVisible = 0;
			defaultConfigurationName = Release;
		};
		5E606AFC1DA9BAF400D98F2E /* Build configuration list for PBXNativeTarget "DuoTabUITests" */ = {
			isa = XCConfigurationList;
			buildConfigurations = (
				5E606AFD1DA9BAF400D98F2E /* Debug */,
				5E606AFE1DA9BAF400D98F2E /* Release */,
			);
			defaultConfigurationIsVisible = 0;
			defaultConfigurationName = Release;
		};
/* End XCConfigurationList section */
	};
	rootObject = 5E606AC61DA9BAF300D98F2E /* Project object */;
}
